
Microsoft Visual Studio Solution File, Format Version 12.00
# Visual Studio Version 16
VisualStudioVersion = 16.0.31321.278
MinimumVisualStudioVersion = 10.0.40219.1
Project("{FAE04EC0-301F-11D3-BF4B-00C04F79EFBC}") = "PasteDownload", "PasteDownload.csproj", "{D9279865-31E3-45ED-8EA2-81674DC73636}"
EndProject
Project("{2150E333-8FDC-42A3-9474-1A3956D46DE8}") = "Solution Items", "Solution Items", "{17D59E8B-E518-4084-8077-FB4500915AC8}"
EndProject
Global
	GlobalSection(SolutionConfigurationPlatforms) = preSolution
		Debug|Any CPU = Debug|Any CPU
		Release|Any CPU = Release|Any CPU
	EndGlobalSection
	GlobalSection(ProjectConfigurationPlatforms) = postSolution
		{D9279865-31E3-45ED-8EA2-81674DC73636}.Debug|Any CPU.ActiveCfg = Debug|Any CPU
		{D9279865-31E3-45ED-8EA2-81674DC73636}.Debug|Any CPU.Build.0 = Debug|Any CPU
		{D9279865-31E3-45ED-8EA2-81674DC73636}.Release|Any CPU.ActiveCfg = Release|Any CPU
		{D9279865-31E3-45ED-8EA2-81674DC73636}.Release|Any CPU.Build.0 = Release|Any CPU
	EndGlobalSection
	GlobalSection(SolutionProperties) = preSolution
		HideSolutionNode = FALSE
	EndGlobalSection
	GlobalSection(ExtensibilityGlobals) = postSolution
		SolutionGuid = {4725ADE5-AAF6-4FFC-A5FC-2141DD39FCB2}
	EndGlobalSection
EndGlobal
