
Microsoft Visual Studio Solution File, Format Version 12.00
# Visual Studio Version 16
VisualStudioVersion = 16.0.31321.278
MinimumVisualStudioVersion = 10.0.40219.1
Project("{FAE04EC0-301F-11D3-BF4B-00C04F79EFBC}") = "PasteDownload", "PasteDownload.csproj", "{D9279865-31E3-45ED-8EA2-81674DC73636}"
EndProject
Project("{2150E333-8FDC-42A3-9474-1A3956D46DE8}") = "Solution Items", "Solution Items", "{17D59E8B-E518-4084-8077-FB4500915AC8}"
EndProject
Project("{54435603-DBB4-11D2-8724-00A0C9A8B90C}") = "SetupPasteDownload", "SetupPasteDownload\SetupPasteDownload.vdproj", "{2A9DCE80-111A-4DFE-9DC1-6F16CF7513BD}"
EndProject
Global
	GlobalSection(SolutionConfigurationPlatforms) = preSolution
		Debug|x64 = Debug|x64
		Release|x64 = Release|x64
	EndGlobalSection
	GlobalSection(ProjectConfigurationPlatforms) = postSolution
		{D9279865-31E3-45ED-8EA2-81674DC73636}.Debug|x64.ActiveCfg = Debug|x64
		{D9279865-31E3-45ED-8EA2-81674DC73636}.Debug|x64.Build.0 = Debug|x64
		{D9279865-31E3-45ED-8EA2-81674DC73636}.Release|x64.ActiveCfg = Release|x64
		{D9279865-31E3-45ED-8EA2-81674DC73636}.Release|x64.Build.0 = Release|x64
		{2A9DCE80-111A-4DFE-9DC1-6F16CF7513BD}.Debug|x64.ActiveCfg = Debug
		{2A9DCE80-111A-4DFE-9DC1-6F16CF7513BD}.Debug|x64.Build.0 = Debug
		{2A9DCE80-111A-4DFE-9DC1-6F16CF7513BD}.Release|x64.ActiveCfg = Release
		{2A9DCE80-111A-4DFE-9DC1-6F16CF7513BD}.Release|x64.Build.0 = Release
	EndGlobalSection
	GlobalSection(SolutionProperties) = preSolution
		HideSolutionNode = FALSE
	EndGlobalSection
	GlobalSection(ExtensibilityGlobals) = postSolution
		SolutionGuid = {4725ADE5-AAF6-4FFC-A5FC-2141DD39FCB2}
	EndGlobalSection
EndGlobal
